
Microsoft Visual Studio Solution File, Format Version 9.00
# Visual Studio 2005
Project("{8BC9CEB8-8B4A-11D0-8D11-00A0C91BC942}") = "Elevate", "Elevate\Elevate.vcproj", "{D44F41E2-0CEE-4B9B-825D-1AEBF6DCAB1C}"
EndProject
Global
	GlobalSection(SolutionConfigurationPlatforms) = preSolution
		Debug|x64 = Debug|x64
		Debug|x86 = Debug|x86
		Release|x64 = Release|x64
		Release|x86 = Release|x86
	EndGlobalSection
	GlobalSection(ProjectConfigurationPlatforms) = postSolution
		{D44F41E2-0CEE-4B9B-825D-1AEBF6DCAB1C}.Debug|x64.ActiveCfg = Debug|x64
		{D44F41E2-0CEE-4B9B-825D-1AEBF6DCAB1C}.Debug|x64.Build.0 = Debug|x64
		{D44F41E2-0CEE-4B9B-825D-1AEBF6DCAB1C}.Debug|x86.ActiveCfg = Debug|Win32
		{D44F41E2-0CEE-4B9B-825D-1AEBF6DCAB1C}.Debug|x86.Build.0 = Debug|Win32
		{D44F41E2-0CEE-4B9B-825D-1AEBF6DCAB1C}.Release|x64.ActiveCfg = Release|x64
		{D44F41E2-0CEE-4B9B-825D-1AEBF6DCAB1C}.Release|x64.Build.0 = Release|x64
		{D44F41E2-0CEE-4B9B-825D-1AEBF6DCAB1C}.Release|x86.ActiveCfg = Release|Win32
		{D44F41E2-0CEE-4B9B-825D-1AEBF6DCAB1C}.Release|x86.Build.0 = Release|Win32
	EndGlobalSection
	GlobalSection(SolutionProperties) = preSolution
		HideSolutionNode = FALSE
	EndGlobalSection
EndGlobal
